
Microsoft Visual Studio Solution File, Format Version 12.00
# Visual Studio Version 16
VisualStudioVersion = 16.0.30503.244
MinimumVisualStudioVersion = 10.0.40219.1
Project("{FAE04EC0-301F-11D3-BF4B-00C04F79EFBC}") = "CSharp", "CSharp.csproj", "{28A10FB3-4E51-48BA-B28E-BE7E4D67F6AA}"
EndProject
Global
	GlobalSection(SolutionConfigurationPlatforms) = preSolution
		Debug|Any CPU = Debug|Any CPU
		Release|Any CPU = Release|Any CPU
	EndGlobalSection
	GlobalSection(ProjectConfigurationPlatforms) = postSolution
		{28A10FB3-4E51-48BA-B28E-BE7E4D67F6AA}.Debug|Any CPU.ActiveCfg = Debug|Any CPU
		{28A10FB3-4E51-48BA-B28E-BE7E4D67F6AA}.Debug|Any CPU.Build.0 = Debug|Any CPU
		{28A10FB3-4E51-48BA-B28E-BE7E4D67F6AA}.Release|Any CPU.ActiveCfg = Release|Any CPU
		{28A10FB3-4E51-48BA-B28E-BE7E4D67F6AA}.Release|Any CPU.Build.0 = Release|Any CPU
	EndGlobalSection
	GlobalSection(SolutionProperties) = preSolution
		HideSolutionNode = FALSE
	EndGlobalSection
	GlobalSection(ExtensibilityGlobals) = postSolution
		SolutionGuid = {89781062-D87B-4C49-9D59-2F24C5BAF7D6}
	EndGlobalSection
EndGlobal
